
Microsoft Visual Studio Solution File, Format Version 12.00
Project("{FAE04EC0-301F-11D3-BF4B-00C04F79EFBC}") = "Catalogus", "Catalogus\Catalogus.csproj", "{DD75D9E6-CFAC-4613-94B2-F5A381A35E2E}"
EndProject
Project("{FAE04EC0-301F-11D3-BF4B-00C04F79EFBC}") = "BibliotheekTest", "BibliotheekTest\BibliotheekTest.csproj", "{8C9EE30A-EF1B-4EB0-9009-73E087714800}"
EndProject
Global
	GlobalSection(SolutionConfigurationPlatforms) = preSolution
		Debug|Any CPU = Debug|Any CPU
		Release|Any CPU = Release|Any CPU
	EndGlobalSection
	GlobalSection(ProjectConfigurationPlatforms) = postSolution
		{DD75D9E6-CFAC-4613-94B2-F5A381A35E2E}.Debug|Any CPU.ActiveCfg = Debug|Any CPU
		{DD75D9E6-CFAC-4613-94B2-F5A381A35E2E}.Debug|Any CPU.Build.0 = Debug|Any CPU
		{DD75D9E6-CFAC-4613-94B2-F5A381A35E2E}.Release|Any CPU.ActiveCfg = Release|Any CPU
		{DD75D9E6-CFAC-4613-94B2-F5A381A35E2E}.Release|Any CPU.Build.0 = Release|Any CPU
		{8C9EE30A-EF1B-4EB0-9009-73E087714800}.Debug|Any CPU.ActiveCfg = Debug|Any CPU
		{8C9EE30A-EF1B-4EB0-9009-73E087714800}.Debug|Any CPU.Build.0 = Debug|Any CPU
		{8C9EE30A-EF1B-4EB0-9009-73E087714800}.Release|Any CPU.ActiveCfg = Release|Any CPU
		{8C9EE30A-EF1B-4EB0-9009-73E087714800}.Release|Any CPU.Build.0 = Release|Any CPU
	EndGlobalSection
EndGlobal
